
Microsoft Visual Studio Solution File, Format Version 12.00
# Visual Studio Version 17
VisualStudioVersion = 17.3.32929.385
MinimumVisualStudioVersion = 10.0.40219.1
Project("{FAE04EC0-301F-11D3-BF4B-00C04F79EFBC}") = "WPF", "WPF\WPF.csproj", "{2A4DDC10-9DDC-4924-9C9F-63C0B276537A}"
EndProject
Global
	GlobalSection(SolutionConfigurationPlatforms) = preSolution
		Debug|Any CPU = Debug|Any CPU
		Release|Any CPU = Release|Any CPU
	EndGlobalSection
	GlobalSection(ProjectConfigurationPlatforms) = postSolution
		{2A4DDC10-9DDC-4924-9C9F-63C0B276537A}.Debug|Any CPU.ActiveCfg = Debug|Any CPU
		{2A4DDC10-9DDC-4924-9C9F-63C0B276537A}.Debug|Any CPU.Build.0 = Debug|Any CPU
		{2A4DDC10-9DDC-4924-9C9F-63C0B276537A}.Release|Any CPU.ActiveCfg = Release|Any CPU
		{2A4DDC10-9DDC-4924-9C9F-63C0B276537A}.Release|Any CPU.Build.0 = Release|Any CPU
	EndGlobalSection
	GlobalSection(SolutionProperties) = preSolution
		HideSolutionNode = FALSE
	EndGlobalSection
	GlobalSection(ExtensibilityGlobals) = postSolution
		SolutionGuid = {3EA6A24E-5383-4337-8222-5A9EDF3BA606}
	EndGlobalSection
EndGlobal
